// !$*UTF8*$!
{
	archiveVersion = 1;
	classes = {
	};
	objectVersion = 50;
	objects = {

/* Begin PBXBuildFile section */
		B870693123F84DCC00FFD8BB /* UIKitTypes.swift in Sources */ = {isa = PBXBuildFile; fileRef = B870693023F84DCC00FFD8BB /* UIKitTypes.swift */; };
		B87EC45B23E22D410066AEC0 /* DelegatingCoordinator.swift in Sources */ = {isa = PBXBuildFile; fileRef = B87EC45A23E22D410066AEC0 /* DelegatingCoordinator.swift */; };
		B87EC45E23E22E130066AEC0 /* ViewControllerCoordinator.swift in Sources */ = {isa = PBXBuildFile; fileRef = B87EC45D23E22E130066AEC0 /* ViewControllerCoordinator.swift */; };
		B8871E1923E5AEF20006F69C /* CoordinatorType.swift in Sources */ = {isa = PBXBuildFile; fileRef = B8871E1823E5AEF20006F69C /* CoordinatorType.swift */; };
		B897960623C10D340040ED99 /* ErroringCoordinator.swift in Sources */ = {isa = PBXBuildFile; fileRef = B897960223C10D340040ED99 /* ErroringCoordinator.swift */; };
		B897960723C10D340040ED99 /* CoordinatorPresentationStrategy.swift in Sources */ = {isa = PBXBuildFile; fileRef = B897960323C10D340040ED99 /* CoordinatorPresentationStrategy.swift */; };
		B897960823C10D340040ED99 /* Coordinator.swift in Sources */ = {isa = PBXBuildFile; fileRef = B897960423C10D340040ED99 /* Coordinator.swift */; };
		B897961223C10DB80040ED99 /* LittleJohn.framework in Frameworks */ = {isa = PBXBuildFile; fileRef = B8DF10A723B26BD600FB8031 /* LittleJohn.framework */; };
		B897965223C2371E0040ED99 /* ViewModelledViewController.swift in Sources */ = {isa = PBXBuildFile; fileRef = B897965123C2371E0040ED99 /* ViewModelledViewController.swift */; };
		B8A1DD9D23E73E3B00245D1F /* ViewControllerCoordinatorTests.swift in Sources */ = {isa = PBXBuildFile; fileRef = B8A1DD9C23E73E3B00245D1F /* ViewControllerCoordinatorTests.swift */; };
		B8A1DDA023E73EEB00245D1F /* BaseIntCoordinatorConceteClass.swift in Sources */ = {isa = PBXBuildFile; fileRef = B8A1DD9F23E73EEB00245D1F /* BaseIntCoordinatorConceteClass.swift */; };
		B8A3343423F88C09009609F8 /* ViewModelledViewControllerCoordinator.swift in Sources */ = {isa = PBXBuildFile; fileRef = B8A3343223F88A6C009609F8 /* ViewModelledViewControllerCoordinator.swift */; };
		B8C4127523F85C8F00B3E794 /* ViewControllerMock.swift in Sources */ = {isa = PBXBuildFile; fileRef = B8C4127423F85C8F00B3E794 /* ViewControllerMock.swift */; };
		B8C4127723F85F0A00B3E794 /* NavigationControllerMock.swift in Sources */ = {isa = PBXBuildFile; fileRef = B8C4127623F85F0A00B3E794 /* NavigationControllerMock.swift */; };
		B8DF10AC23B26BD600FB8031 /* DDCoordinators.h in Headers */ = {isa = PBXBuildFile; fileRef = B8DF10AA23B26BD600FB8031 /* DDCoordinators.h */; settings = {ATTRIBUTES = (Public, ); }; };
		B8F86A4923F983310073265E /* MockCoordinatorType.swift in Sources */ = {isa = PBXBuildFile; fileRef = B8F86A4823F983310073265E /* MockCoordinatorType.swift */; };
		B8F86A4D23F994090073265E /* BaseCoordinatorTests.swift in Sources */ = {isa = PBXBuildFile; fileRef = B8F86A4C23F994090073265E /* BaseCoordinatorTests.swift */; };
		B8F86A4F23F998690073265E /* CoordinatorPresentationStrategyTests.swift in Sources */ = {isa = PBXBuildFile; fileRef = B8F86A4E23F998690073265E /* CoordinatorPresentationStrategyTests.swift */; };
/* End PBXBuildFile section */

/* Begin PBXContainerItemProxy section */
		B897961323C10DB80040ED99 /* PBXContainerItemProxy */ = {
			isa = PBXContainerItemProxy;
			containerPortal = B8DF109E23B26BD600FB8031 /* Project object */;
			proxyType = 1;
			remoteGlobalIDString = B8DF10A623B26BD600FB8031;
			remoteInfo = DDCoordinators;
		};
/* End PBXContainerItemProxy section */

/* Begin PBXFileReference section */
		B870693023F84DCC00FFD8BB /* UIKitTypes.swift */ = {isa = PBXFileReference; lastKnownFileType = sourcecode.swift; path = UIKitTypes.swift; sourceTree = "<group>"; };
		B87EC45A23E22D410066AEC0 /* DelegatingCoordinator.swift */ = {isa = PBXFileReference; lastKnownFileType = sourcecode.swift; path = DelegatingCoordinator.swift; sourceTree = "<group>"; };
		B87EC45D23E22E130066AEC0 /* ViewControllerCoordinator.swift */ = {isa = PBXFileReference; lastKnownFileType = sourcecode.swift; path = ViewControllerCoordinator.swift; sourceTree = "<group>"; };
		B8871E1823E5AEF20006F69C /* CoordinatorType.swift */ = {isa = PBXFileReference; lastKnownFileType = sourcecode.swift; path = CoordinatorType.swift; sourceTree = "<group>"; };
		B897960223C10D340040ED99 /* ErroringCoordinator.swift */ = {isa = PBXFileReference; fileEncoding = 4; lastKnownFileType = sourcecode.swift; path = ErroringCoordinator.swift; sourceTree = "<group>"; };
		B897960323C10D340040ED99 /* CoordinatorPresentationStrategy.swift */ = {isa = PBXFileReference; fileEncoding = 4; lastKnownFileType = sourcecode.swift; path = CoordinatorPresentationStrategy.swift; sourceTree = "<group>"; };
		B897960423C10D340040ED99 /* Coordinator.swift */ = {isa = PBXFileReference; fileEncoding = 4; lastKnownFileType = sourcecode.swift; path = Coordinator.swift; sourceTree = "<group>"; };
		B897960D23C10DB80040ED99 /* LittleJohnTests.xctest */ = {isa = PBXFileReference; explicitFileType = wrapper.cfbundle; includeInIndex = 0; path = LittleJohnTests.xctest; sourceTree = BUILT_PRODUCTS_DIR; };
		B897961123C10DB80040ED99 /* Info.plist */ = {isa = PBXFileReference; lastKnownFileType = text.plist.xml; path = Info.plist; sourceTree = "<group>"; };
		B897965123C2371E0040ED99 /* ViewModelledViewController.swift */ = {isa = PBXFileReference; fileEncoding = 4; lastKnownFileType = sourcecode.swift; path = ViewModelledViewController.swift; sourceTree = "<group>"; };
		B8A1DD9C23E73E3B00245D1F /* ViewControllerCoordinatorTests.swift */ = {isa = PBXFileReference; lastKnownFileType = sourcecode.swift; path = ViewControllerCoordinatorTests.swift; sourceTree = "<group>"; };
		B8A1DD9F23E73EEB00245D1F /* BaseIntCoordinatorConceteClass.swift */ = {isa = PBXFileReference; lastKnownFileType = sourcecode.swift; path = BaseIntCoordinatorConceteClass.swift; sourceTree = "<group>"; };
		B8A3343223F88A6C009609F8 /* ViewModelledViewControllerCoordinator.swift */ = {isa = PBXFileReference; lastKnownFileType = sourcecode.swift; path = ViewModelledViewControllerCoordinator.swift; sourceTree = "<group>"; };
		B8C4127423F85C8F00B3E794 /* ViewControllerMock.swift */ = {isa = PBXFileReference; lastKnownFileType = sourcecode.swift; path = ViewControllerMock.swift; sourceTree = "<group>"; };
		B8C4127623F85F0A00B3E794 /* NavigationControllerMock.swift */ = {isa = PBXFileReference; lastKnownFileType = sourcecode.swift; path = NavigationControllerMock.swift; sourceTree = "<group>"; };
		B8DF10A723B26BD600FB8031 /* LittleJohn.framework */ = {isa = PBXFileReference; explicitFileType = wrapper.framework; includeInIndex = 0; path = LittleJohn.framework; sourceTree = BUILT_PRODUCTS_DIR; };
		B8DF10AA23B26BD600FB8031 /* DDCoordinators.h */ = {isa = PBXFileReference; lastKnownFileType = sourcecode.c.h; path = DDCoordinators.h; sourceTree = "<group>"; };
		B8DF10AB23B26BD600FB8031 /* Info.plist */ = {isa = PBXFileReference; lastKnownFileType = text.plist.xml; path = Info.plist; sourceTree = "<group>"; };
		B8F86A4823F983310073265E /* MockCoordinatorType.swift */ = {isa = PBXFileReference; lastKnownFileType = sourcecode.swift; path = MockCoordinatorType.swift; sourceTree = "<group>"; };
		B8F86A4C23F994090073265E /* BaseCoordinatorTests.swift */ = {isa = PBXFileReference; lastKnownFileType = sourcecode.swift; path = BaseCoordinatorTests.swift; sourceTree = "<group>"; };
		B8F86A4E23F998690073265E /* CoordinatorPresentationStrategyTests.swift */ = {isa = PBXFileReference; lastKnownFileType = sourcecode.swift; path = CoordinatorPresentationStrategyTests.swift; sourceTree = "<group>"; };
		B8F86A5023F9A1B60073265E /* README.md */ = {isa = PBXFileReference; lastKnownFileType = net.daringfireball.markdown; path = README.md; sourceTree = "<group>"; };
/* End PBXFileReference section */

/* Begin PBXFrameworksBuildPhase section */
		B897960A23C10DB80040ED99 /* Frameworks */ = {
			isa = PBXFrameworksBuildPhase;
			buildActionMask = 2147483647;
			files = (
				B897961223C10DB80040ED99 /* LittleJohn.framework in Frameworks */,
			);
			runOnlyForDeploymentPostprocessing = 0;
		};
		B8DF10A423B26BD600FB8031 /* Frameworks */ = {
			isa = PBXFrameworksBuildPhase;
			buildActionMask = 2147483647;
			files = (
			);
			runOnlyForDeploymentPostprocessing = 0;
		};
/* End PBXFrameworksBuildPhase section */

/* Begin PBXGroup section */
		B870692F23F84DBE00FFD8BB /* Types */ = {
			isa = PBXGroup;
			children = (
				B870693023F84DCC00FFD8BB /* UIKitTypes.swift */,
			);
			path = Types;
			sourceTree = "<group>";
		};
		B87EC45C23E22DB00066AEC0 /* SpecificCoordinators */ = {
			isa = PBXGroup;
			children = (
				B87EC45A23E22D410066AEC0 /* DelegatingCoordinator.swift */,
				B87EC45D23E22E130066AEC0 /* ViewControllerCoordinator.swift */,
				B8A3343223F88A6C009609F8 /* ViewModelledViewControllerCoordinator.swift */,
			);
			path = SpecificCoordinators;
			sourceTree = "<group>";
		};
		B897960E23C10DB80040ED99 /* DDCoordinatorsTests */ = {
			isa = PBXGroup;
			children = (
				B8C4127323F85C8600B3E794 /* Mocks */,
				B8A1DD9E23E73EB200245D1F /* ConcreteClasses */,
				B897961123C10DB80040ED99 /* Info.plist */,
				B8A1DD9C23E73E3B00245D1F /* ViewControllerCoordinatorTests.swift */,
				B8F86A4C23F994090073265E /* BaseCoordinatorTests.swift */,
				B8F86A4E23F998690073265E /* CoordinatorPresentationStrategyTests.swift */,
			);
			path = DDCoordinatorsTests;
			sourceTree = "<group>";
		};
		B8A1DD9E23E73EB200245D1F /* ConcreteClasses */ = {
			isa = PBXGroup;
			children = (
				B8A1DD9F23E73EEB00245D1F /* BaseIntCoordinatorConceteClass.swift */,
			);
			path = ConcreteClasses;
			sourceTree = "<group>";
		};
		B8C4127323F85C8600B3E794 /* Mocks */ = {
			isa = PBXGroup;
			children = (
				B8C4127423F85C8F00B3E794 /* ViewControllerMock.swift */,
				B8C4127623F85F0A00B3E794 /* NavigationControllerMock.swift */,
				B8F86A4823F983310073265E /* MockCoordinatorType.swift */,
			);
			path = Mocks;
			sourceTree = "<group>";
		};
		B8DF109D23B26BD600FB8031 = {
			isa = PBXGroup;
			children = (
				B8F86A5023F9A1B60073265E /* README.md */,
				B8DF10A923B26BD600FB8031 /* DDCoordinators */,
				B897960E23C10DB80040ED99 /* DDCoordinatorsTests */,
				B8DF10A823B26BD600FB8031 /* Products */,
			);
			sourceTree = "<group>";
		};
		B8DF10A823B26BD600FB8031 /* Products */ = {
			isa = PBXGroup;
			children = (
				B8DF10A723B26BD600FB8031 /* LittleJohn.framework */,
				B897960D23C10DB80040ED99 /* LittleJohnTests.xctest */,
			);
			name = Products;
			sourceTree = "<group>";
		};
		B8DF10A923B26BD600FB8031 /* DDCoordinators */ = {
			isa = PBXGroup;
			children = (
				B870692F23F84DBE00FFD8BB /* Types */,
				B87EC45C23E22DB00066AEC0 /* SpecificCoordinators */,
				B8DF10AA23B26BD600FB8031 /* DDCoordinators.h */,
				B897960423C10D340040ED99 /* Coordinator.swift */,
				B897960323C10D340040ED99 /* CoordinatorPresentationStrategy.swift */,
				B897960223C10D340040ED99 /* ErroringCoordinator.swift */,
				B897965123C2371E0040ED99 /* ViewModelledViewController.swift */,
				B8DF10AB23B26BD600FB8031 /* Info.plist */,
				B8871E1823E5AEF20006F69C /* CoordinatorType.swift */,
			);
			path = DDCoordinators;
			sourceTree = "<group>";
		};
/* End PBXGroup section */

/* Begin PBXHeadersBuildPhase section */
		B8DF10A223B26BD600FB8031 /* Headers */ = {
			isa = PBXHeadersBuildPhase;
			buildActionMask = 2147483647;
			files = (
				B8DF10AC23B26BD600FB8031 /* DDCoordinators.h in Headers */,
			);
			runOnlyForDeploymentPostprocessing = 0;
		};
/* End PBXHeadersBuildPhase section */

/* Begin PBXNativeTarget section */
		B897960C23C10DB80040ED99 /* LittleJohnTests */ = {
			isa = PBXNativeTarget;
			buildConfigurationList = B897961523C10DB80040ED99 /* Build configuration list for PBXNativeTarget "LittleJohnTests" */;
			buildPhases = (
				B897960923C10DB80040ED99 /* Sources */,
				B897960A23C10DB80040ED99 /* Frameworks */,
				B897960B23C10DB80040ED99 /* Resources */,
			);
			buildRules = (
			);
			dependencies = (
				B897961423C10DB80040ED99 /* PBXTargetDependency */,
			);
			name = LittleJohnTests;
			productName = DDCoordinatorsTests;
			productReference = B897960D23C10DB80040ED99 /* LittleJohnTests.xctest */;
			productType = "com.apple.product-type.bundle.unit-test";
		};
		B8DF10A623B26BD600FB8031 /* LittleJohn */ = {
			isa = PBXNativeTarget;
			buildConfigurationList = B8DF10AF23B26BD600FB8031 /* Build configuration list for PBXNativeTarget "LittleJohn" */;
			buildPhases = (
				B8DF10A223B26BD600FB8031 /* Headers */,
				B8DF10A323B26BD600FB8031 /* Sources */,
				B8DF10A423B26BD600FB8031 /* Frameworks */,
				B8DF10A523B26BD600FB8031 /* Resources */,
			);
			buildRules = (
			);
			dependencies = (
			);
			name = LittleJohn;
			productName = DDCoordinators;
			productReference = B8DF10A723B26BD600FB8031 /* LittleJohn.framework */;
			productType = "com.apple.product-type.framework";
		};
/* End PBXNativeTarget section */

/* Begin PBXProject section */
		B8DF109E23B26BD600FB8031 /* Project object */ = {
			isa = PBXProject;
			attributes = {
				LastSwiftUpdateCheck = 1110;
				LastUpgradeCheck = 1110;
				ORGANIZATIONNAME = "Dan Dunnington";
				TargetAttributes = {
					B897960C23C10DB80040ED99 = {
						CreatedOnToolsVersion = 11.1;
					};
					B8DF10A623B26BD600FB8031 = {
						CreatedOnToolsVersion = 11.1;
						LastSwiftMigration = 1110;
					};
				};
			};
			buildConfigurationList = B8DF10A123B26BD600FB8031 /* Build configuration list for PBXProject "LittleJohn" */;
			compatibilityVersion = "Xcode 9.3";
			developmentRegion = en;
			hasScannedForEncodings = 0;
			knownRegions = (
				en,
				Base,
			);
			mainGroup = B8DF109D23B26BD600FB8031;
			productRefGroup = B8DF10A823B26BD600FB8031 /* Products */;
			projectDirPath = "";
			projectRoot = "";
			targets = (
				B8DF10A623B26BD600FB8031 /* LittleJohn */,
				B897960C23C10DB80040ED99 /* LittleJohnTests */,
			);
		};
/* End PBXProject section */

/* Begin PBXResourcesBuildPhase section */
		B897960B23C10DB80040ED99 /* Resources */ = {
			isa = PBXResourcesBuildPhase;
			buildActionMask = 2147483647;
			files = (
			);
			runOnlyForDeploymentPostprocessing = 0;
		};
		B8DF10A523B26BD600FB8031 /* Resources */ = {
			isa = PBXResourcesBuildPhase;
			buildActionMask = 2147483647;
			files = (
			);
			runOnlyForDeploymentPostprocessing = 0;
		};
/* End PBXResourcesBuildPhase section */

/* Begin PBXSourcesBuildPhase section */
		B897960923C10DB80040ED99 /* Sources */ = {
			isa = PBXSourcesBuildPhase;
			buildActionMask = 2147483647;
			files = (
				B8C4127523F85C8F00B3E794 /* ViewControllerMock.swift in Sources */,
				B8A1DDA023E73EEB00245D1F /* BaseIntCoordinatorConceteClass.swift in Sources */,
				B8F86A4F23F998690073265E /* CoordinatorPresentationStrategyTests.swift in Sources */,
				B8C4127723F85F0A00B3E794 /* NavigationControllerMock.swift in Sources */,
				B8A1DD9D23E73E3B00245D1F /* ViewControllerCoordinatorTests.swift in Sources */,
				B8F86A4923F983310073265E /* MockCoordinatorType.swift in Sources */,
				B8F86A4D23F994090073265E /* BaseCoordinatorTests.swift in Sources */,
			);
			runOnlyForDeploymentPostprocessing = 0;
		};
		B8DF10A323B26BD600FB8031 /* Sources */ = {
			isa = PBXSourcesBuildPhase;
			buildActionMask = 2147483647;
			files = (
				B8A3343423F88C09009609F8 /* ViewModelledViewControllerCoordinator.swift in Sources */,
				B897960823C10D340040ED99 /* Coordinator.swift in Sources */,
				B897965223C2371E0040ED99 /* ViewModelledViewController.swift in Sources */,
				B897960623C10D340040ED99 /* ErroringCoordinator.swift in Sources */,
				B87EC45E23E22E130066AEC0 /* ViewControllerCoordinator.swift in Sources */,
				B897960723C10D340040ED99 /* CoordinatorPresentationStrategy.swift in Sources */,
				B87EC45B23E22D410066AEC0 /* DelegatingCoordinator.swift in Sources */,
				B870693123F84DCC00FFD8BB /* UIKitTypes.swift in Sources */,
				B8871E1923E5AEF20006F69C /* CoordinatorType.swift in Sources */,
			);
			runOnlyForDeploymentPostprocessing = 0;
		};
/* End PBXSourcesBuildPhase section */

/* Begin PBXTargetDependency section */
		B897961423C10DB80040ED99 /* PBXTargetDependency */ = {
			isa = PBXTargetDependency;
			target = B8DF10A623B26BD600FB8031 /* LittleJohn */;
			targetProxy = B897961323C10DB80040ED99 /* PBXContainerItemProxy */;
		};
/* End PBXTargetDependency section */

/* Begin XCBuildConfiguration section */
		B897961623C10DB80040ED99 /* Debug */ = {
			isa = XCBuildConfiguration;
			buildSettings = {
				CODE_SIGN_STYLE = Automatic;
				DEVELOPMENT_TEAM = R3CWC2G9E9;
				INFOPLIST_FILE = DDCoordinatorsTests/Info.plist;
				LD_RUNPATH_SEARCH_PATHS = (
					"$(inherited)",
					"@executable_path/Frameworks",
					"@loader_path/Frameworks",
				);
				PRODUCT_BUNDLE_IDENTIFIER = com.dandunnington.DDCoordinatorsTests;
				PRODUCT_NAME = "$(TARGET_NAME)";
				SWIFT_VERSION = 5.0;
				TARGETED_DEVICE_FAMILY = "1,2";
			};
			name = Debug;
		};
		B897961723C10DB80040ED99 /* Release */ = {
			isa = XCBuildConfiguration;
			buildSettings = {
				CODE_SIGN_STYLE = Automatic;
				DEVELOPMENT_TEAM = R3CWC2G9E9;
				INFOPLIST_FILE = DDCoordinatorsTests/Info.plist;
				LD_RUNPATH_SEARCH_PATHS = (
					"$(inherited)",
					"@executable_path/Frameworks",
					"@loader_path/Frameworks",
				);
				PRODUCT_BUNDLE_IDENTIFIER = com.dandunnington.DDCoordinatorsTests;
				PRODUCT_NAME = "$(TARGET_NAME)";
				SWIFT_VERSION = 5.0;
				TARGETED_DEVICE_FAMILY = "1,2";
			};
			name = Release;
		};
		B8DF10AD23B26BD600FB8031 /* Debug */ = {
			isa = XCBuildConfiguration;
			buildSettings = {
				ALWAYS_SEARCH_USER_PATHS = NO;
				CLANG_ANALYZER_NONNULL = YES;
				CLANG_ANALYZER_NUMBER_OBJECT_CONVERSION = YES_AGGRESSIVE;
				CLANG_CXX_LANGUAGE_STANDARD = "gnu++14";
				CLANG_CXX_LIBRARY = "libc++";
				CLANG_ENABLE_MODULES = YES;
				CLANG_ENABLE_OBJC_ARC = YES;
				CLANG_ENABLE_OBJC_WEAK = YES;
				CLANG_WARN_BLOCK_CAPTURE_AUTORELEASING = YES;
				CLANG_WARN_BOOL_CONVERSION = YES;
				CLANG_WARN_COMMA = YES;
				CLANG_WARN_CONSTANT_CONVERSION = YES;
				CLANG_WARN_DEPRECATED_OBJC_IMPLEMENTATIONS = YES;
				CLANG_WARN_DIRECT_OBJC_ISA_USAGE = YES_ERROR;
				CLANG_WARN_DOCUMENTATION_COMMENTS = YES;
				CLANG_WARN_EMPTY_BODY = YES;
				CLANG_WARN_ENUM_CONVERSION = YES;
				CLANG_WARN_INFINITE_RECURSION = YES;
				CLANG_WARN_INT_CONVERSION = YES;
				CLANG_WARN_NON_LITERAL_NULL_CONVERSION = YES;
				CLANG_WARN_OBJC_IMPLICIT_RETAIN_SELF = YES;
				CLANG_WARN_OBJC_LITERAL_CONVERSION = YES;
				CLANG_WARN_OBJC_ROOT_CLASS = YES_ERROR;
				CLANG_WARN_RANGE_LOOP_ANALYSIS = YES;
				CLANG_WARN_STRICT_PROTOTYPES = YES;
				CLANG_WARN_SUSPICIOUS_MOVE = YES;
				CLANG_WARN_UNGUARDED_AVAILABILITY = YES_AGGRESSIVE;
				CLANG_WARN_UNREACHABLE_CODE = YES;
				CLANG_WARN__DUPLICATE_METHOD_MATCH = YES;
				COPY_PHASE_STRIP = NO;
				CURRENT_PROJECT_VERSION = 1;
				DEBUG_INFORMATION_FORMAT = dwarf;
				ENABLE_STRICT_OBJC_MSGSEND = YES;
				ENABLE_TESTABILITY = YES;
				GCC_C_LANGUAGE_STANDARD = gnu11;
				GCC_DYNAMIC_NO_PIC = NO;
				GCC_NO_COMMON_BLOCKS = YES;
				GCC_OPTIMIZATION_LEVEL = 0;
				GCC_PREPROCESSOR_DEFINITIONS = (
					"DEBUG=1",
					"$(inherited)",
				);
				GCC_WARN_64_TO_32_BIT_CONVERSION = YES;
				GCC_WARN_ABOUT_RETURN_TYPE = YES_ERROR;
				GCC_WARN_UNDECLARED_SELECTOR = YES;
				GCC_WARN_UNINITIALIZED_AUTOS = YES_AGGRESSIVE;
				GCC_WARN_UNUSED_FUNCTION = YES;
				GCC_WARN_UNUSED_VARIABLE = YES;
				IPHONEOS_DEPLOYMENT_TARGET = 13.1;
				MTL_ENABLE_DEBUG_INFO = INCLUDE_SOURCE;
				MTL_FAST_MATH = YES;
				ONLY_ACTIVE_ARCH = YES;
				SDKROOT = iphoneos;
				SWIFT_ACTIVE_COMPILATION_CONDITIONS = DEBUG;
				SWIFT_OPTIMIZATION_LEVEL = "-Onone";
				VERSIONING_SYSTEM = "apple-generic";
				VERSION_INFO_PREFIX = "";
			};
			name = Debug;
		};
		B8DF10AE23B26BD600FB8031 /* Release */ = {
			isa = XCBuildConfiguration;
			buildSettings = {
				ALWAYS_SEARCH_USER_PATHS = NO;
				CLANG_ANALYZER_NONNULL = YES;
				CLANG_ANALYZER_NUMBER_OBJECT_CONVERSION = YES_AGGRESSIVE;
				CLANG_CXX_LANGUAGE_STANDARD = "gnu++14";
				CLANG_CXX_LIBRARY = "libc++";
				CLANG_ENABLE_MODULES = YES;
				CLANG_ENABLE_OBJC_ARC = YES;
				CLANG_ENABLE_OBJC_WEAK = YES;
				CLANG_WARN_BLOCK_CAPTURE_AUTORELEASING = YES;
				CLANG_WARN_BOOL_CONVERSION = YES;
				CLANG_WARN_COMMA = YES;
				CLANG_WARN_CONSTANT_CONVERSION = YES;
				CLANG_WARN_DEPRECATED_OBJC_IMPLEMENTATIONS = YES;
				CLANG_WARN_DIRECT_OBJC_ISA_USAGE = YES_ERROR;
				CLANG_WARN_DOCUMENTATION_COMMENTS = YES;
				CLANG_WARN_EMPTY_BODY = YES;
				CLANG_WARN_ENUM_CONVERSION = YES;
				CLANG_WARN_INFINITE_RECURSION = YES;
				CLANG_WARN_INT_CONVERSION = YES;
				CLANG_WARN_NON_LITERAL_NULL_CONVERSION = YES;
				CLANG_WARN_OBJC_IMPLICIT_RETAIN_SELF = YES;
				CLANG_WARN_OBJC_LITERAL_CONVERSION = YES;
				CLANG_WARN_OBJC_ROOT_CLASS = YES_ERROR;
				CLANG_WARN_RANGE_LOOP_ANALYSIS = YES;
				CLANG_WARN_STRICT_PROTOTYPES = YES;
				CLANG_WARN_SUSPICIOUS_MOVE = YES;
				CLANG_WARN_UNGUARDED_AVAILABILITY = YES_AGGRESSIVE;
				CLANG_WARN_UNREACHABLE_CODE = YES;
				CLANG_WARN__DUPLICATE_METHOD_MATCH = YES;
				COPY_PHASE_STRIP = NO;
				CURRENT_PROJECT_VERSION = 1;
				DEBUG_INFORMATION_FORMAT = "dwarf-with-dsym";
				ENABLE_NS_ASSERTIONS = NO;
				ENABLE_STRICT_OBJC_MSGSEND = YES;
				GCC_C_LANGUAGE_STANDARD = gnu11;
				GCC_NO_COMMON_BLOCKS = YES;
				GCC_WARN_64_TO_32_BIT_CONVERSION = YES;
				GCC_WARN_ABOUT_RETURN_TYPE = YES_ERROR;
				GCC_WARN_UNDECLARED_SELECTOR = YES;
				GCC_WARN_UNINITIALIZED_AUTOS = YES_AGGRESSIVE;
				GCC_WARN_UNUSED_FUNCTION = YES;
				GCC_WARN_UNUSED_VARIABLE = YES;
				IPHONEOS_DEPLOYMENT_TARGET = 13.1;
				MTL_ENABLE_DEBUG_INFO = NO;
				MTL_FAST_MATH = YES;
				SDKROOT = iphoneos;
				SWIFT_COMPILATION_MODE = wholemodule;
				SWIFT_OPTIMIZATION_LEVEL = "-O";
				VALIDATE_PRODUCT = YES;
				VERSIONING_SYSTEM = "apple-generic";
				VERSION_INFO_PREFIX = "";
			};
			name = Release;
		};
		B8DF10B023B26BD600FB8031 /* Debug */ = {
			isa = XCBuildConfiguration;
			buildSettings = {
				CLANG_ENABLE_MODULES = YES;
				CODE_SIGN_STYLE = Automatic;
				DEFINES_MODULE = YES;
				DEVELOPMENT_TEAM = R3CWC2G9E9;
				DYLIB_COMPATIBILITY_VERSION = 1;
				DYLIB_CURRENT_VERSION = 1;
				DYLIB_INSTALL_NAME_BASE = "@rpath";
				INFOPLIST_FILE = DDCoordinators/Info.plist;
				INSTALL_PATH = "$(LOCAL_LIBRARY_DIR)/Frameworks";
				LD_RUNPATH_SEARCH_PATHS = (
					"$(inherited)",
					"@executable_path/Frameworks",
					"@loader_path/Frameworks",
				);
				PRODUCT_BUNDLE_IDENTIFIER = com.dandunnington.DDCoordinators;
				PRODUCT_NAME = LittleJohn;
				SKIP_INSTALL = YES;
				SWIFT_OPTIMIZATION_LEVEL = "-Onone";
				SWIFT_VERSION = 5.0;
				TARGETED_DEVICE_FAMILY = "1,2";
			};
			name = Debug;
		};
		B8DF10B123B26BD600FB8031 /* Release */ = {
			isa = XCBuildConfiguration;
			buildSettings = {
				CLANG_ENABLE_MODULES = YES;
				CODE_SIGN_STYLE = Automatic;
				DEFINES_MODULE = YES;
				DEVELOPMENT_TEAM = R3CWC2G9E9;
				DYLIB_COMPATIBILITY_VERSION = 1;
				DYLIB_CURRENT_VERSION = 1;
				DYLIB_INSTALL_NAME_BASE = "@rpath";
				INFOPLIST_FILE = DDCoordinators/Info.plist;
				INSTALL_PATH = "$(LOCAL_LIBRARY_DIR)/Frameworks";
				LD_RUNPATH_SEARCH_PATHS = (
					"$(inherited)",
					"@executable_path/Frameworks",
					"@loader_path/Frameworks",
				);
				PRODUCT_BUNDLE_IDENTIFIER = com.dandunnington.DDCoordinators;
				PRODUCT_NAME = LittleJohn;
				SKIP_INSTALL = YES;
				SWIFT_VERSION = 5.0;
				TARGETED_DEVICE_FAMILY = "1,2";
			};
			name = Release;
		};
/* End XCBuildConfiguration section */

/* Begin XCConfigurationList section */
		B897961523C10DB80040ED99 /* Build configuration list for PBXNativeTarget "LittleJohnTests" */ = {
			isa = XCConfigurationList;
			buildConfigurations = (
				B897961623C10DB80040ED99 /* Debug */,
				B897961723C10DB80040ED99 /* Release */,
			);
			defaultConfigurationIsVisible = 0;
			defaultConfigurationName = Release;
		};
		B8DF10A123B26BD600FB8031 /* Build configuration list for PBXProject "LittleJohn" */ = {
			isa = XCConfigurationList;
			buildConfigurations = (
				B8DF10AD23B26BD600FB8031 /* Debug */,
				B8DF10AE23B26BD600FB8031 /* Release */,
			);
			defaultConfigurationIsVisible = 0;
			defaultConfigurationName = Release;
		};
		B8DF10AF23B26BD600FB8031 /* Build configuration list for PBXNativeTarget "LittleJohn" */ = {
			isa = XCConfigurationList;
			buildConfigurations = (
				B8DF10B023B26BD600FB8031 /* Debug */,
				B8DF10B123B26BD600FB8031 /* Release */,
			);
			defaultConfigurationIsVisible = 0;
			defaultConfigurationName = Release;
		};
/* End XCConfigurationList section */
	};
	rootObject = B8DF109E23B26BD600FB8031 /* Project object */;
}
